// !$*UTF8*$!
{
	archiveVersion = 1;
	classes = {
	};
	objectVersion = 46;
	objects = {

/* Begin PBXBuildFile section */
		8B79C7A81BFA600C008AFA96 /* main.m in Sources */ = {isa = PBXBuildFile; fileRef = 8B79C7A71BFA600C008AFA96 /* main.m */; };
		8B79C7AB1BFA600C008AFA96 /* AppDelegate.m in Sources */ = {isa = PBXBuildFile; fileRef = 8B79C7AA1BFA600C008AFA96 /* AppDelegate.m */; };
		8B79C7AE1BFA600C008AFA96 /* ViewController.m in Sources */ = {isa = PBXBuildFile; fileRef = 8B79C7AD1BFA600C008AFA96 /* ViewController.m */; };
		8B79C7B11BFA600C008AFA96 /* Main.storyboard in Resources */ = {isa = PBXBuildFile; fileRef = 8B79C7AF1BFA600C008AFA96 /* Main.storyboard */; };
		8B79C7B31BFA600C008AFA96 /* Assets.xcassets in Resources */ = {isa = PBXBuildFile; fileRef = 8B79C7B21BFA600C008AFA96 /* Assets.xcassets */; };
		8B79C7B61BFA600C008AFA96 /* LaunchScreen.storyboard in Resources */ = {isa = PBXBuildFile; fileRef = 8B79C7B41BFA600C008AFA96 /* LaunchScreen.storyboard */; };
		8B79C7C11BFA600C008AFA96 /* PaperGameTests.m in Sources */ = {isa = PBXBuildFile; fileRef = 8B79C7C01BFA600C008AFA96 /* PaperGameTests.m */; };
		8B79C7CC1BFA600C008AFA96 /* PaperGameUITests.m in Sources */ = {isa = PBXBuildFile; fileRef = 8B79C7CB1BFA600C008AFA96 /* PaperGameUITests.m */; };
		8BA3A42E1C39254800485C21 /* test.mp3 in Resources */ = {isa = PBXBuildFile; fileRef = 8BA3A42D1C39254800485C21 /* test.mp3 */; };
		8BA3A4311C3927CB00485C21 /* SoundManager.m in Sources */ = {isa = PBXBuildFile; fileRef = 8BA3A4301C3927CB00485C21 /* SoundManager.m */; };
/* End PBXBuildFile section */

/* Begin PBXContainerItemProxy section */
		8B79C7BD1BFA600C008AFA96 /* PBXContainerItemProxy */ = {
			isa = PBXContainerItemProxy;
			containerPortal = 8B79C79B1BFA600C008AFA96 /* Project object */;
			proxyType = 1;
			remoteGlobalIDString = 8B79C7A21BFA600C008AFA96;
			remoteInfo = PaperGame;
		};
		8B79C7C81BFA600C008AFA96 /* PBXContainerItemProxy */ = {
			isa = PBXContainerItemProxy;
			containerPortal = 8B79C79B1BFA600C008AFA96 /* Project object */;
			proxyType = 1;
			remoteGlobalIDString = 8B79C7A21BFA600C008AFA96;
			remoteInfo = PaperGame;
		};
/* End PBXContainerItemProxy section */

/* Begin PBXFileReference section */
		8B79C7A31BFA600C008AFA96 /* Rock Paper Scissors.app */ = {isa = PBXFileReference; explicitFileType = wrapper.application; includeInIndex = 0; path = "Rock Paper Scissors.app"; sourceTree = BUILT_PRODUCTS_DIR; };
		8B79C7A71BFA600C008AFA96 /* main.m */ = {isa = PBXFileReference; lastKnownFileType = sourcecode.c.objc; path = main.m; sourceTree = "<group>"; };
		8B79C7A91BFA600C008AFA96 /* AppDelegate.h */ = {isa = PBXFileReference; lastKnownFileType = sourcecode.c.h; path = AppDelegate.h; sourceTree = "<group>"; };
		8B79C7AA1BFA600C008AFA96 /* AppDelegate.m */ = {isa = PBXFileReference; lastKnownFileType = sourcecode.c.objc; path = AppDelegate.m; sourceTree = "<group>"; };
		8B79C7AC1BFA600C008AFA96 /* ViewController.h */ = {isa = PBXFileReference; lastKnownFileType = sourcecode.c.h; path = ViewController.h; sourceTree = "<group>"; };
		8B79C7AD1BFA600C008AFA96 /* ViewController.m */ = {isa = PBXFileReference; lastKnownFileType = sourcecode.c.objc; path = ViewController.m; sourceTree = "<group>"; };
		8B79C7B01BFA600C008AFA96 /* Base */ = {isa = PBXFileReference; lastKnownFileType = file.storyboard; name = Base; path = Base.lproj/Main.storyboard; sourceTree = "<group>"; };
		8B79C7B21BFA600C008AFA96 /* Assets.xcassets */ = {isa = PBXFileReference; lastKnownFileType = folder.assetcatalog; path = Assets.xcassets; sourceTree = "<group>"; };
		8B79C7B51BFA600C008AFA96 /* Base */ = {isa = PBXFileReference; lastKnownFileType = file.storyboard; name = Base; path = Base.lproj/LaunchScreen.storyboard; sourceTree = "<group>"; };
		8B79C7B71BFA600C008AFA96 /* Info.plist */ = {isa = PBXFileReference; lastKnownFileType = text.plist.xml; path = Info.plist; sourceTree = "<group>"; };
		8B79C7BC1BFA600C008AFA96 /* Rock Paper Scissors.xctest */ = {isa = PBXFileReference; explicitFileType = wrapper.cfbundle; includeInIndex = 0; path = "Rock Paper Scissors.xctest"; sourceTree = BUILT_PRODUCTS_DIR; };
		8B79C7C01BFA600C008AFA96 /* PaperGameTests.m */ = {isa = PBXFileReference; lastKnownFileType = sourcecode.c.objc; path = PaperGameTests.m; sourceTree = "<group>"; };
		8B79C7C21BFA600C008AFA96 /* Info.plist */ = {isa = PBXFileReference; lastKnownFileType = text.plist.xml; path = Info.plist; sourceTree = "<group>"; };
		8B79C7C71BFA600C008AFA96 /* Rock Paper Scissors.xctest */ = {isa = PBXFileReference; explicitFileType = wrapper.cfbundle; includeInIndex = 0; path = "Rock Paper Scissors.xctest"; sourceTree = BUILT_PRODUCTS_DIR; };
		8B79C7CB1BFA600C008AFA96 /* PaperGameUITests.m */ = {isa = PBXFileReference; lastKnownFileType = sourcecode.c.objc; path = PaperGameUITests.m; sourceTree = "<group>"; };
		8B79C7CD1BFA600C008AFA96 /* Info.plist */ = {isa = PBXFileReference; lastKnownFileType = text.plist.xml; path = Info.plist; sourceTree = "<group>"; };
		8BA3A42D1C39254800485C21 /* test.mp3 */ = {isa = PBXFileReference; lastKnownFileType = audio.mp3; path = test.mp3; sourceTree = "<group>"; };
		8BA3A42F1C3927CB00485C21 /* SoundManager.h */ = {isa = PBXFileReference; fileEncoding = 4; lastKnownFileType = sourcecode.c.h; path = SoundManager.h; sourceTree = "<group>"; };
		8BA3A4301C3927CB00485C21 /* SoundManager.m */ = {isa = PBXFileReference; fileEncoding = 4; lastKnownFileType = sourcecode.c.objc; path = SoundManager.m; sourceTree = "<group>"; };
/* End PBXFileReference section */

/* Begin PBXFrameworksBuildPhase section */
		8B79C7A01BFA600C008AFA96 /* Frameworks */ = {
			isa = PBXFrameworksBuildPhase;
			buildActionMask = 2147483647;
			files = (
			);
			runOnlyForDeploymentPostprocessing = 0;
		};
		8B79C7B91BFA600C008AFA96 /* Frameworks */ = {
			isa = PBXFrameworksBuildPhase;
			buildActionMask = 2147483647;
			files = (
			);
			runOnlyForDeploymentPostprocessing = 0;
		};
		8B79C7C41BFA600C008AFA96 /* Frameworks */ = {
			isa = PBXFrameworksBuildPhase;
			buildActionMask = 2147483647;
			files = (
			);
			runOnlyForDeploymentPostprocessing = 0;
		};
/* End PBXFrameworksBuildPhase section */

/* Begin PBXGroup section */
		8B79C79A1BFA600C008AFA96 = {
			isa = PBXGroup;
			children = (
				8B79C7A51BFA600C008AFA96 /* Rock Paper Scissors */,
				8B79C7BF1BFA600C008AFA96 /* PaperGameTests */,
				8B79C7CA1BFA600C008AFA96 /* PaperGameUITests */,
				8B79C7A41BFA600C008AFA96 /* Products */,
			);
			sourceTree = "<group>";
		};
		8B79C7A41BFA600C008AFA96 /* Products */ = {
			isa = PBXGroup;
			children = (
				8B79C7A31BFA600C008AFA96 /* Rock Paper Scissors.app */,
				8B79C7BC1BFA600C008AFA96 /* Rock Paper Scissors.xctest */,
				8B79C7C71BFA600C008AFA96 /* Rock Paper Scissors.xctest */,
			);
			name = Products;
			sourceTree = "<group>";
		};
		8B79C7A51BFA600C008AFA96 /* Rock Paper Scissors */ = {
			isa = PBXGroup;
			children = (
				8B79C7A91BFA600C008AFA96 /* AppDelegate.h */,
				8B79C7AA1BFA600C008AFA96 /* AppDelegate.m */,
				8B79C7AC1BFA600C008AFA96 /* ViewController.h */,
				8B79C7AD1BFA600C008AFA96 /* ViewController.m */,
				8B79C7AF1BFA600C008AFA96 /* Main.storyboard */,
				8B79C7B21BFA600C008AFA96 /* Assets.xcassets */,
				8BA3A42D1C39254800485C21 /* test.mp3 */,
				8BA3A42F1C3927CB00485C21 /* SoundManager.h */,
				8BA3A4301C3927CB00485C21 /* SoundManager.m */,
				8B79C7B41BFA600C008AFA96 /* LaunchScreen.storyboard */,
				8B79C7B71BFA600C008AFA96 /* Info.plist */,
				8B79C7A61BFA600C008AFA96 /* Supporting Files */,
			);
			name = "Rock Paper Scissors";
			path = PaperGame;
			sourceTree = "<group>";
		};
		8B79C7A61BFA600C008AFA96 /* Supporting Files */ = {
			isa = PBXGroup;
			children = (
				8B79C7A71BFA600C008AFA96 /* main.m */,
			);
			name = "Supporting Files";
			sourceTree = "<group>";
		};
		8B79C7BF1BFA600C008AFA96 /* PaperGameTests */ = {
			isa = PBXGroup;
			children = (
				8B79C7C01BFA600C008AFA96 /* PaperGameTests.m */,
				8B79C7C21BFA600C008AFA96 /* Info.plist */,
			);
			path = PaperGameTests;
			sourceTree = "<group>";
		};
		8B79C7CA1BFA600C008AFA96 /* PaperGameUITests */ = {
			isa = PBXGroup;
			children = (
				8B79C7CB1BFA600C008AFA96 /* PaperGameUITests.m */,
				8B79C7CD1BFA600C008AFA96 /* Info.plist */,
			);
			path = PaperGameUITests;
			sourceTree = "<group>";
		};
/* End PBXGroup section */

/* Begin PBXNativeTarget section */
		8B79C7A21BFA600C008AFA96 /* Rock Paper Scissors */ = {
			isa = PBXNativeTarget;
			buildConfigurationList = 8B79C7D01BFA600C008AFA96 /* Build configuration list for PBXNativeTarget "Rock Paper Scissors" */;
			buildPhases = (
				8B79C79F1BFA600C008AFA96 /* Sources */,
				8B79C7A01BFA600C008AFA96 /* Frameworks */,
				8B79C7A11BFA600C008AFA96 /* Resources */,
			);
			buildRules = (
			);
			dependencies = (
			);
			name = "Rock Paper Scissors";
			productName = PaperGame;
			productReference = 8B79C7A31BFA600C008AFA96 /* Rock Paper Scissors.app */;
			productType = "com.apple.product-type.application";
		};
		8B79C7BB1BFA600C008AFA96 /* Rock Paper ScissorsTests */ = {
			isa = PBXNativeTarget;
			buildConfigurationList = 8B79C7D31BFA600C008AFA96 /* Build configuration list for PBXNativeTarget "Rock Paper ScissorsTests" */;
			buildPhases = (
				8B79C7B81BFA600C008AFA96 /* Sources */,
				8B79C7B91BFA600C008AFA96 /* Frameworks */,
				8B79C7BA1BFA600C008AFA96 /* Resources */,
			);
			buildRules = (
			);
			dependencies = (
				8B79C7BE1BFA600C008AFA96 /* PBXTargetDependency */,
			);
			name = "Rock Paper ScissorsTests";
			productName = PaperGameTests;
			productReference = 8B79C7BC1BFA600C008AFA96 /* Rock Paper Scissors.xctest */;
			productType = "com.apple.product-type.bundle.unit-test";
		};
		8B79C7C61BFA600C008AFA96 /* Rock Paper ScissorsUITests */ = {
			isa = PBXNativeTarget;
			buildConfigurationList = 8B79C7D61BFA600C008AFA96 /* Build configuration list for PBXNativeTarget "Rock Paper ScissorsUITests" */;
			buildPhases = (
				8B79C7C31BFA600C008AFA96 /* Sources */,
				8B79C7C41BFA600C008AFA96 /* Frameworks */,
				8B79C7C51BFA600C008AFA96 /* Resources */,
			);
			buildRules = (
			);
			dependencies = (
				8B79C7C91BFA600C008AFA96 /* PBXTargetDependency */,
			);
			name = "Rock Paper ScissorsUITests";
			productName = PaperGameUITests;
			productReference = 8B79C7C71BFA600C008AFA96 /* Rock Paper Scissors.xctest */;
			productType = "com.apple.product-type.bundle.ui-testing";
		};
/* End PBXNativeTarget section */

/* Begin PBXProject section */
		8B79C79B1BFA600C008AFA96 /* Project object */ = {
			isa = PBXProject;
			attributes = {
				LastUpgradeCheck = 0710;
				ORGANIZATIONNAME = "Stolyarenko K.S.";
				TargetAttributes = {
					8B79C7A21BFA600C008AFA96 = {
						CreatedOnToolsVersion = 7.1.1;
						DevelopmentTeam = 487D8YHE27;
					};
					8B79C7BB1BFA600C008AFA96 = {
						CreatedOnToolsVersion = 7.1.1;
						DevelopmentTeam = 487D8YHE27;
						TestTargetID = 8B79C7A21BFA600C008AFA96;
					};
					8B79C7C61BFA600C008AFA96 = {
						CreatedOnToolsVersion = 7.1.1;
						DevelopmentTeam = 487D8YHE27;
						TestTargetID = 8B79C7A21BFA600C008AFA96;
					};
				};
			};
			buildConfigurationList = 8B79C79E1BFA600C008AFA96 /* Build configuration list for PBXProject "Rock Paper Scissors" */;
			compatibilityVersion = "Xcode 3.2";
			developmentRegion = English;
			hasScannedForEncodings = 0;
			knownRegions = (
				en,
				Base,
			);
			mainGroup = 8B79C79A1BFA600C008AFA96;
			productRefGroup = 8B79C7A41BFA600C008AFA96 /* Products */;
			projectDirPath = "";
			projectRoot = "";
			targets = (
				8B79C7A21BFA600C008AFA96 /* Rock Paper Scissors */,
				8B79C7BB1BFA600C008AFA96 /* Rock Paper ScissorsTests */,
				8B79C7C61BFA600C008AFA96 /* Rock Paper ScissorsUITests */,
			);
		};
/* End PBXProject section */

/* Begin PBXResourcesBuildPhase section */
		8B79C7A11BFA600C008AFA96 /* Resources */ = {
			isa = PBXResourcesBuildPhase;
			buildActionMask = 2147483647;
			files = (
				8B79C7B61BFA600C008AFA96 /* LaunchScreen.storyboard in Resources */,
				8B79C7B31BFA600C008AFA96 /* Assets.xcassets in Resources */,
				8BA3A42E1C39254800485C21 /* test.mp3 in Resources */,
				8B79C7B11BFA600C008AFA96 /* Main.storyboard in Resources */,
			);
			runOnlyForDeploymentPostprocessing = 0;
		};
		8B79C7BA1BFA600C008AFA96 /* Resources */ = {
			isa = PBXResourcesBuildPhase;
			buildActionMask = 2147483647;
			files = (
			);
			runOnlyForDeploymentPostprocessing = 0;
		};
		8B79C7C51BFA600C008AFA96 /* Resources */ = {
			isa = PBXResourcesBuildPhase;
			buildActionMask = 2147483647;
			files = (
			);
			runOnlyForDeploymentPostprocessing = 0;
		};
/* End PBXResourcesBuildPhase section */

/* Begin PBXSourcesBuildPhase section */
		8B79C79F1BFA600C008AFA96 /* Sources */ = {
			isa = PBXSourcesBuildPhase;
			buildActionMask = 2147483647;
			files = (
				8B79C7AE1BFA600C008AFA96 /* ViewController.m in Sources */,
				8BA3A4311C3927CB00485C21 /* SoundManager.m in Sources */,
				8B79C7AB1BFA600C008AFA96 /* AppDelegate.m in Sources */,
				8B79C7A81BFA600C008AFA96 /* main.m in Sources */,
			);
			runOnlyForDeploymentPostprocessing = 0;
		};
		8B79C7B81BFA600C008AFA96 /* Sources */ = {
			isa = PBXSourcesBuildPhase;
			buildActionMask = 2147483647;
			files = (
				8B79C7C11BFA600C008AFA96 /* PaperGameTests.m in Sources */,
			);
			runOnlyForDeploymentPostprocessing = 0;
		};
		8B79C7C31BFA600C008AFA96 /* Sources */ = {
			isa = PBXSourcesBuildPhase;
			buildActionMask = 2147483647;
			files = (
				8B79C7CC1BFA600C008AFA96 /* PaperGameUITests.m in Sources */,
			);
			runOnlyForDeploymentPostprocessing = 0;
		};
/* End PBXSourcesBuildPhase section */

/* Begin PBXTargetDependency section */
		8B79C7BE1BFA600C008AFA96 /* PBXTargetDependency */ = {
			isa = PBXTargetDependency;
			target = 8B79C7A21BFA600C008AFA96 /* Rock Paper Scissors */;
			targetProxy = 8B79C7BD1BFA600C008AFA96 /* PBXContainerItemProxy */;
		};
		8B79C7C91BFA600C008AFA96 /* PBXTargetDependency */ = {
			isa = PBXTargetDependency;
			target = 8B79C7A21BFA600C008AFA96 /* Rock Paper Scissors */;
			targetProxy = 8B79C7C81BFA600C008AFA96 /* PBXContainerItemProxy */;
		};
/* End PBXTargetDependency section */

/* Begin PBXVariantGroup section */
		8B79C7AF1BFA600C008AFA96 /* Main.storyboard */ = {
			isa = PBXVariantGroup;
			children = (
				8B79C7B01BFA600C008AFA96 /* Base */,
			);
			name = Main.storyboard;
			sourceTree = "<group>";
		};
		8B79C7B41BFA600C008AFA96 /* LaunchScreen.storyboard */ = {
			isa = PBXVariantGroup;
			children = (
				8B79C7B51BFA600C008AFA96 /* Base */,
			);
			name = LaunchScreen.storyboard;
			sourceTree = "<group>";
		};
/* End PBXVariantGroup section */

/* Begin XCBuildConfiguration section */
		8B79C7CE1BFA600C008AFA96 /* Debug */ = {
			isa = XCBuildConfiguration;
			buildSettings = {
				ALWAYS_SEARCH_USER_PATHS = NO;
				CLANG_CXX_LANGUAGE_STANDARD = "gnu++0x";
				CLANG_CXX_LIBRARY = "libc++";
				CLANG_ENABLE_MODULES = YES;
				CLANG_ENABLE_OBJC_ARC = YES;
				CLANG_WARN_BOOL_CONVERSION = YES;
				CLANG_WARN_CONSTANT_CONVERSION = YES;
				CLANG_WARN_DIRECT_OBJC_ISA_USAGE = YES_ERROR;
				CLANG_WARN_EMPTY_BODY = YES;
				CLANG_WARN_ENUM_CONVERSION = YES;
				CLANG_WARN_INT_CONVERSION = YES;
				CLANG_WARN_OBJC_ROOT_CLASS = YES_ERROR;
				CLANG_WARN_UNREACHABLE_CODE = YES;
				CLANG_WARN__DUPLICATE_METHOD_MATCH = YES;
				"CODE_SIGN_IDENTITY[sdk=iphoneos*]" = "iPhone Developer";
				COPY_PHASE_STRIP = NO;
				DEBUG_INFORMATION_FORMAT = dwarf;
				ENABLE_STRICT_OBJC_MSGSEND = YES;
				ENABLE_TESTABILITY = YES;
				GCC_C_LANGUAGE_STANDARD = gnu99;
				GCC_DYNAMIC_NO_PIC = NO;
				GCC_NO_COMMON_BLOCKS = YES;
				GCC_OPTIMIZATION_LEVEL = 0;
				GCC_PREPROCESSOR_DEFINITIONS = (
					"DEBUG=1",
					"$(inherited)",
				);
				GCC_WARN_64_TO_32_BIT_CONVERSION = YES;
				GCC_WARN_ABOUT_RETURN_TYPE = YES_ERROR;
				GCC_WARN_UNDECLARED_SELECTOR = YES;
				GCC_WARN_UNINITIALIZED_AUTOS = YES_AGGRESSIVE;
				GCC_WARN_UNUSED_FUNCTION = YES;
				GCC_WARN_UNUSED_VARIABLE = YES;
				IPHONEOS_DEPLOYMENT_TARGET = 9.1;
				MTL_ENABLE_DEBUG_INFO = YES;
				ONLY_ACTIVE_ARCH = YES;
				SDKROOT = iphoneos;
			};
			name = Debug;
		};
		8B79C7CF1BFA600C008AFA96 /* Release */ = {
			isa = XCBuildConfiguration;
			buildSettings = {
				ALWAYS_SEARCH_USER_PATHS = NO;
				CLANG_CXX_LANGUAGE_STANDARD = "gnu++0x";
				CLANG_CXX_LIBRARY = "libc++";
				CLANG_ENABLE_MODULES = YES;
				CLANG_ENABLE_OBJC_ARC = YES;
				CLANG_WARN_BOOL_CONVERSION = YES;
				CLANG_WARN_CONSTANT_CONVERSION = YES;
				CLANG_WARN_DIRECT_OBJC_ISA_USAGE = YES_ERROR;
				CLANG_WARN_EMPTY_BODY = YES;
				CLANG_WARN_ENUM_CONVERSION = YES;
				CLANG_WARN_INT_CONVERSION = YES;
				CLANG_WARN_OBJC_ROOT_CLASS = YES_ERROR;
				CLANG_WARN_UNREACHABLE_CODE = YES;
				CLANG_WARN__DUPLICATE_METHOD_MATCH = YES;
				"CODE_SIGN_IDENTITY[sdk=iphoneos*]" = "iPhone Developer";
				COPY_PHASE_STRIP = NO;
				DEBUG_INFORMATION_FORMAT = "dwarf-with-dsym";
				ENABLE_NS_ASSERTIONS = NO;
				ENABLE_STRICT_OBJC_MSGSEND = YES;
				GCC_C_LANGUAGE_STANDARD = gnu99;
				GCC_NO_COMMON_BLOCKS = YES;
				GCC_WARN_64_TO_32_BIT_CONVERSION = YES;
				GCC_WARN_ABOUT_RETURN_TYPE = YES_ERROR;
				GCC_WARN_UNDECLARED_SELECTOR = YES;
				GCC_WARN_UNINITIALIZED_AUTOS = YES_AGGRESSIVE;
				GCC_WARN_UNUSED_FUNCTION = YES;
				GCC_WARN_UNUSED_VARIABLE = YES;
				IPHONEOS_DEPLOYMENT_TARGET = 9.1;
				MTL_ENABLE_DEBUG_INFO = NO;
				SDKROOT = iphoneos;
				VALIDATE_PRODUCT = YES;
			};
			name = Release;
		};
		8B79C7D11BFA600C008AFA96 /* Debug */ = {
			isa = XCBuildConfiguration;
			buildSettings = {
				ASSETCATALOG_COMPILER_APPICON_NAME = AppIcon;
				INFOPLIST_FILE = PaperGame/Info.plist;
				IPHONEOS_DEPLOYMENT_TARGET = 9.0;
				LD_RUNPATH_SEARCH_PATHS = "$(inherited) @executable_path/Frameworks";
				PRODUCT_BUNDLE_IDENTIFIER = "SKS.Rock-Paper-Scissors";
				PRODUCT_NAME = "Rock Paper Scissors";
			};
			name = Debug;
		};
		8B79C7D21BFA600C008AFA96 /* Release */ = {
			isa = XCBuildConfiguration;
			buildSettings = {
				ASSETCATALOG_COMPILER_APPICON_NAME = AppIcon;
				INFOPLIST_FILE = PaperGame/Info.plist;
				IPHONEOS_DEPLOYMENT_TARGET = 9.0;
				LD_RUNPATH_SEARCH_PATHS = "$(inherited) @executable_path/Frameworks";
				PRODUCT_BUNDLE_IDENTIFIER = "SKS.Rock-Paper-Scissors";
				PRODUCT_NAME = "Rock Paper Scissors";
			};
			name = Release;
		};
		8B79C7D41BFA600C008AFA96 /* Debug */ = {
			isa = XCBuildConfiguration;
			buildSettings = {
				BUNDLE_LOADER = "$(TEST_HOST)";
				INFOPLIST_FILE = PaperGameTests/Info.plist;
				LD_RUNPATH_SEARCH_PATHS = "$(inherited) @executable_path/Frameworks @loader_path/Frameworks";
				PRODUCT_BUNDLE_IDENTIFIER = SKS.PaperGameTests;
				PRODUCT_NAME = "Rock Paper Scissors";
				TEST_HOST = "$(BUILT_PRODUCTS_DIR)/Rock Paper Scissors.app/Rock Paper Scissors";
			};
			name = Debug;
		};
		8B79C7D51BFA600C008AFA96 /* Release */ = {
			isa = XCBuildConfiguration;
			buildSettings = {
				BUNDLE_LOADER = "$(TEST_HOST)";
				INFOPLIST_FILE = PaperGameTests/Info.plist;
				LD_RUNPATH_SEARCH_PATHS = "$(inherited) @executable_path/Frameworks @loader_path/Frameworks";
				PRODUCT_BUNDLE_IDENTIFIER = SKS.PaperGameTests;
				PRODUCT_NAME = "Rock Paper Scissors";
				TEST_HOST = "$(BUILT_PRODUCTS_DIR)/Rock Paper Scissors.app/Rock Paper Scissors";
			};
			name = Release;
		};
		8B79C7D71BFA600C008AFA96 /* Debug */ = {
			isa = XCBuildConfiguration;
			buildSettings = {
				INFOPLIST_FILE = PaperGameUITests/Info.plist;
				LD_RUNPATH_SEARCH_PATHS = "$(inherited) @executable_path/Frameworks @loader_path/Frameworks";
				PRODUCT_BUNDLE_IDENTIFIER = SKS.PaperGameUITests;
				PRODUCT_NAME = "Rock Paper Scissors";
				TEST_TARGET_NAME = PaperGame;
				USES_XCTRUNNER = YES;
			};
			name = Debug;
		};
		8B79C7D81BFA600C008AFA96 /* Release */ = {
			isa = XCBuildConfiguration;
			buildSettings = {
				INFOPLIST_FILE = PaperGameUITests/Info.plist;
				LD_RUNPATH_SEARCH_PATHS = "$(inherited) @executable_path/Frameworks @loader_path/Frameworks";
				PRODUCT_BUNDLE_IDENTIFIER = SKS.PaperGameUITests;
				PRODUCT_NAME = "Rock Paper Scissors";
				TEST_TARGET_NAME = PaperGame;
				USES_XCTRUNNER = YES;
			};
			name = Release;
		};
/* End XCBuildConfiguration section */

/* Begin XCConfigurationList section */
		8B79C79E1BFA600C008AFA96 /* Build configuration list for PBXProject "Rock Paper Scissors" */ = {
			isa = XCConfigurationList;
			buildConfigurations = (
				8B79C7CE1BFA600C008AFA96 /* Debug */,
				8B79C7CF1BFA600C008AFA96 /* Release */,
			);
			defaultConfigurationIsVisible = 0;
			defaultConfigurationName = Release;
		};
		8B79C7D01BFA600C008AFA96 /* Build configuration list for PBXNativeTarget "Rock Paper Scissors" */ = {
			isa = XCConfigurationList;
			buildConfigurations = (
				8B79C7D11BFA600C008AFA96 /* Debug */,
				8B79C7D21BFA600C008AFA96 /* Release */,
			);
			defaultConfigurationIsVisible = 0;
			defaultConfigurationName = Release;
		};
		8B79C7D31BFA600C008AFA96 /* Build configuration list for PBXNativeTarget "Rock Paper ScissorsTests" */ = {
			isa = XCConfigurationList;
			buildConfigurations = (
				8B79C7D41BFA600C008AFA96 /* Debug */,
				8B79C7D51BFA600C008AFA96 /* Release */,
			);
			defaultConfigurationIsVisible = 0;
			defaultConfigurationName = Release;
		};
		8B79C7D61BFA600C008AFA96 /* Build configuration list for PBXNativeTarget "Rock Paper ScissorsUITests" */ = {
			isa = XCConfigurationList;
			buildConfigurations = (
				8B79C7D71BFA600C008AFA96 /* Debug */,
				8B79C7D81BFA600C008AFA96 /* Release */,
			);
			defaultConfigurationIsVisible = 0;
			defaultConfigurationName = Release;
		};
/* End XCConfigurationList section */
	};
	rootObject = 8B79C79B1BFA600C008AFA96 /* Project object */;
}
